
Microsoft Visual Studio Solution File, Format Version 12.00
# Visual Studio Version 16
VisualStudioVersion = 16.0.30907.101
MinimumVisualStudioVersion = 10.0.40219.1
Project("{FAE04EC0-301F-11D3-BF4B-00C04F79EFBC}") = "ApplicationMVC", "src\ApplicationMVC\ApplicationMVC.csproj", "{D41DB3AE-B70E-42B7-A951-60FBA31359D4}"
EndProject
Project("{9A19103F-16F7-4668-BE54-9A1E7A4F7556}") = "ApplicationBusiness", "src\ApplicationBusiness\ApplicationBusiness.csproj", "{0A37A67E-EC59-4BA8-A2EB-3CE76E8668B6}"
EndProject
Project("{9A19103F-16F7-4668-BE54-9A1E7A4F7556}") = "ApplicationInfra", "src\ApplicationInfra\ApplicationInfra.csproj", "{63A3B23C-69CB-4BDC-83C0-BDF0B538172C}"
EndProject
Global
	GlobalSection(SolutionConfigurationPlatforms) = preSolution
		Debug|Any CPU = Debug|Any CPU
		Release|Any CPU = Release|Any CPU
	EndGlobalSection
	GlobalSection(ProjectConfigurationPlatforms) = postSolution
		{D41DB3AE-B70E-42B7-A951-60FBA31359D4}.Debug|Any CPU.ActiveCfg = Debug|Any CPU
		{D41DB3AE-B70E-42B7-A951-60FBA31359D4}.Debug|Any CPU.Build.0 = Debug|Any CPU
		{D41DB3AE-B70E-42B7-A951-60FBA31359D4}.Release|Any CPU.ActiveCfg = Release|Any CPU
		{D41DB3AE-B70E-42B7-A951-60FBA31359D4}.Release|Any CPU.Build.0 = Release|Any CPU
		{0A37A67E-EC59-4BA8-A2EB-3CE76E8668B6}.Debug|Any CPU.ActiveCfg = Debug|Any CPU
		{0A37A67E-EC59-4BA8-A2EB-3CE76E8668B6}.Debug|Any CPU.Build.0 = Debug|Any CPU
		{0A37A67E-EC59-4BA8-A2EB-3CE76E8668B6}.Release|Any CPU.ActiveCfg = Release|Any CPU
		{0A37A67E-EC59-4BA8-A2EB-3CE76E8668B6}.Release|Any CPU.Build.0 = Release|Any CPU
		{63A3B23C-69CB-4BDC-83C0-BDF0B538172C}.Debug|Any CPU.ActiveCfg = Debug|Any CPU
		{63A3B23C-69CB-4BDC-83C0-BDF0B538172C}.Debug|Any CPU.Build.0 = Debug|Any CPU
		{63A3B23C-69CB-4BDC-83C0-BDF0B538172C}.Release|Any CPU.ActiveCfg = Release|Any CPU
		{63A3B23C-69CB-4BDC-83C0-BDF0B538172C}.Release|Any CPU.Build.0 = Release|Any CPU
	EndGlobalSection
	GlobalSection(SolutionProperties) = preSolution
		HideSolutionNode = FALSE
	EndGlobalSection
	GlobalSection(ExtensibilityGlobals) = postSolution
		SolutionGuid = {E6025DF5-DFC7-4AE3-BD05-A2C63AE61FA7}
	EndGlobalSection
EndGlobal
