
Microsoft Visual Studio Solution File, Format Version 12.00
# Visual Studio Version 16
VisualStudioVersion = 16.0.30907.101
MinimumVisualStudioVersion = 10.0.40219.1
Project("{2150E333-8FDC-42A3-9474-1A3956D46DE8}") = "src", "src", "{D8E6D251-0AC8-4255-8B4F-1B87F7AC356A}"
EndProject
Project("{2150E333-8FDC-42A3-9474-1A3956D46DE8}") = "Bancos", "Bancos", "{57C2D48C-7243-40AC-8778-7191436D9B8A}"
EndProject
Project("{2150E333-8FDC-42A3-9474-1A3956D46DE8}") = "Municipios", "Municipios", "{C4562EA1-E22A-40A0-A063-C165D0CE7CE0}"
EndProject
Project("{2150E333-8FDC-42A3-9474-1A3956D46DE8}") = "testes", "testes", "{372F970D-714B-4671-8D3D-23F76C360CD9}"
EndProject
Project("{2150E333-8FDC-42A3-9474-1A3956D46DE8}") = "Estados", "Estados", "{D9592323-FCF0-4FB8-ADEF-C872F9779958}"
EndProject
Project("{2150E333-8FDC-42A3-9474-1A3956D46DE8}") = "Paises", "Paises", "{B8186DDA-F580-46D7-9BDD-FC7235BFF29A}"
EndProject
Project("{2150E333-8FDC-42A3-9474-1A3956D46DE8}") = "webapp", "webapp", "{2758316E-408B-4125-AC27-C7062ABCE0A6}"
EndProject
Project("{2150E333-8FDC-42A3-9474-1A3956D46DE8}") = "servicos", "servicos", "{08A27792-2A6E-4A56-9733-2BA1985C5BE1}"
EndProject
Project("{2150E333-8FDC-42A3-9474-1A3956D46DE8}") = "Cep", "Cep", "{C743290C-F1A4-492F-9E0B-DEA871592691}"
EndProject
Project("{9A19103F-16F7-4668-BE54-9A1E7A4F7556}") = "BancosAPI", "src\Bancos\BancosApi\BancosAPI.csproj", "{E95DEA15-33DA-4703-BFF8-05DC7E535709}"
EndProject
Project("{9A19103F-16F7-4668-BE54-9A1E7A4F7556}") = "BancosAPI.Dominio", "src\Bancos\BancosApi.Dominio\BancosAPI.Dominio.csproj", "{D92B6A8F-9ACE-4B1D-80B0-00B7F4F332C8}"
EndProject
Project("{9A19103F-16F7-4668-BE54-9A1E7A4F7556}") = "BancosAPI.Infra.Data", "src\Bancos\BancosApi.Infra.Data\BancosAPI.Infra.Data.csproj", "{1AAD5BC8-1F26-4827-A8A5-58AAA84AAD31}"
EndProject
Project("{9A19103F-16F7-4668-BE54-9A1E7A4F7556}") = "BancosAPI.Infra.IC", "src\Bancos\BancosAPi.Infra.IC\BancosAPI.Infra.IC.csproj", "{12C02B3E-8C82-4CBA-8077-019DABB3E0A2}"
EndProject
Project("{9A19103F-16F7-4668-BE54-9A1E7A4F7556}") = "BancosAPI.Servico", "src\Bancos\BancosApi.Servico\BancosAPI.Servico.csproj", "{D4BF6E85-4D89-4024-A52A-519B362F81EE}"
EndProject
Global
	GlobalSection(SolutionConfigurationPlatforms) = preSolution
		Debug|Any CPU = Debug|Any CPU
		Release|Any CPU = Release|Any CPU
	EndGlobalSection
	GlobalSection(ProjectConfigurationPlatforms) = postSolution
		{E95DEA15-33DA-4703-BFF8-05DC7E535709}.Debug|Any CPU.ActiveCfg = Debug|Any CPU
		{E95DEA15-33DA-4703-BFF8-05DC7E535709}.Debug|Any CPU.Build.0 = Debug|Any CPU
		{E95DEA15-33DA-4703-BFF8-05DC7E535709}.Release|Any CPU.ActiveCfg = Release|Any CPU
		{E95DEA15-33DA-4703-BFF8-05DC7E535709}.Release|Any CPU.Build.0 = Release|Any CPU
		{D92B6A8F-9ACE-4B1D-80B0-00B7F4F332C8}.Debug|Any CPU.ActiveCfg = Debug|Any CPU
		{D92B6A8F-9ACE-4B1D-80B0-00B7F4F332C8}.Debug|Any CPU.Build.0 = Debug|Any CPU
		{D92B6A8F-9ACE-4B1D-80B0-00B7F4F332C8}.Release|Any CPU.ActiveCfg = Release|Any CPU
		{D92B6A8F-9ACE-4B1D-80B0-00B7F4F332C8}.Release|Any CPU.Build.0 = Release|Any CPU
		{1AAD5BC8-1F26-4827-A8A5-58AAA84AAD31}.Debug|Any CPU.ActiveCfg = Debug|Any CPU
		{1AAD5BC8-1F26-4827-A8A5-58AAA84AAD31}.Debug|Any CPU.Build.0 = Debug|Any CPU
		{1AAD5BC8-1F26-4827-A8A5-58AAA84AAD31}.Release|Any CPU.ActiveCfg = Release|Any CPU
		{1AAD5BC8-1F26-4827-A8A5-58AAA84AAD31}.Release|Any CPU.Build.0 = Release|Any CPU
		{12C02B3E-8C82-4CBA-8077-019DABB3E0A2}.Debug|Any CPU.ActiveCfg = Debug|Any CPU
		{12C02B3E-8C82-4CBA-8077-019DABB3E0A2}.Debug|Any CPU.Build.0 = Debug|Any CPU
		{12C02B3E-8C82-4CBA-8077-019DABB3E0A2}.Release|Any CPU.ActiveCfg = Release|Any CPU
		{12C02B3E-8C82-4CBA-8077-019DABB3E0A2}.Release|Any CPU.Build.0 = Release|Any CPU
		{D4BF6E85-4D89-4024-A52A-519B362F81EE}.Debug|Any CPU.ActiveCfg = Debug|Any CPU
		{D4BF6E85-4D89-4024-A52A-519B362F81EE}.Debug|Any CPU.Build.0 = Debug|Any CPU
		{D4BF6E85-4D89-4024-A52A-519B362F81EE}.Release|Any CPU.ActiveCfg = Release|Any CPU
		{D4BF6E85-4D89-4024-A52A-519B362F81EE}.Release|Any CPU.Build.0 = Release|Any CPU
	EndGlobalSection
	GlobalSection(SolutionProperties) = preSolution
		HideSolutionNode = FALSE
	EndGlobalSection
	GlobalSection(NestedProjects) = preSolution
		{57C2D48C-7243-40AC-8778-7191436D9B8A} = {08A27792-2A6E-4A56-9733-2BA1985C5BE1}
		{C4562EA1-E22A-40A0-A063-C165D0CE7CE0} = {08A27792-2A6E-4A56-9733-2BA1985C5BE1}
		{D9592323-FCF0-4FB8-ADEF-C872F9779958} = {08A27792-2A6E-4A56-9733-2BA1985C5BE1}
		{B8186DDA-F580-46D7-9BDD-FC7235BFF29A} = {08A27792-2A6E-4A56-9733-2BA1985C5BE1}
		{08A27792-2A6E-4A56-9733-2BA1985C5BE1} = {D8E6D251-0AC8-4255-8B4F-1B87F7AC356A}
		{C743290C-F1A4-492F-9E0B-DEA871592691} = {08A27792-2A6E-4A56-9733-2BA1985C5BE1}
		{E95DEA15-33DA-4703-BFF8-05DC7E535709} = {57C2D48C-7243-40AC-8778-7191436D9B8A}
		{D92B6A8F-9ACE-4B1D-80B0-00B7F4F332C8} = {57C2D48C-7243-40AC-8778-7191436D9B8A}
		{1AAD5BC8-1F26-4827-A8A5-58AAA84AAD31} = {57C2D48C-7243-40AC-8778-7191436D9B8A}
		{12C02B3E-8C82-4CBA-8077-019DABB3E0A2} = {57C2D48C-7243-40AC-8778-7191436D9B8A}
		{D4BF6E85-4D89-4024-A52A-519B362F81EE} = {57C2D48C-7243-40AC-8778-7191436D9B8A}
	EndGlobalSection
	GlobalSection(ExtensibilityGlobals) = postSolution
		SolutionGuid = {0E9D6059-6778-4491-BCE7-F0CCF2B6DDD2}
	EndGlobalSection
EndGlobal
