
Microsoft Visual Studio Solution File, Format Version 12.00
# Visual Studio Version 16
VisualStudioVersion = 16.0.30907.101
MinimumVisualStudioVersion = 10.0.40219.1
Project("{FAE04EC0-301F-11D3-BF4B-00C04F79EFBC}") = "Sistema.MVC", "src\Sistema.MVC\Sistema.MVC.csproj", "{4D6E0993-3B4E-4EB0-B6FC-EC3912AEAAA5}"
EndProject
Global
	GlobalSection(SolutionConfigurationPlatforms) = preSolution
		Debug|Any CPU = Debug|Any CPU
		Release|Any CPU = Release|Any CPU
	EndGlobalSection
	GlobalSection(ProjectConfigurationPlatforms) = postSolution
		{4D6E0993-3B4E-4EB0-B6FC-EC3912AEAAA5}.Debug|Any CPU.ActiveCfg = Debug|Any CPU
		{4D6E0993-3B4E-4EB0-B6FC-EC3912AEAAA5}.Debug|Any CPU.Build.0 = Debug|Any CPU
		{4D6E0993-3B4E-4EB0-B6FC-EC3912AEAAA5}.Release|Any CPU.ActiveCfg = Release|Any CPU
		{4D6E0993-3B4E-4EB0-B6FC-EC3912AEAAA5}.Release|Any CPU.Build.0 = Release|Any CPU
	EndGlobalSection
	GlobalSection(SolutionProperties) = preSolution
		HideSolutionNode = FALSE
	EndGlobalSection
	GlobalSection(ExtensibilityGlobals) = postSolution
		SolutionGuid = {497AA9F6-9EB1-45DD-B114-A6E6007F2A2F}
	EndGlobalSection
EndGlobal
