
Microsoft Visual Studio Solution File, Format Version 12.00
# Visual Studio Version 17
VisualStudioVersion = 17.1.32210.238
MinimumVisualStudioVersion = 10.0.40219.1
Project("{FAE04EC0-301F-11D3-BF4B-00C04F79EFBC}") = "WebApplication1", "WebApplication1\WebApplication1.csproj", "{0E5D3D53-1820-4BC8-9BA1-7B34B1FBA731}"
EndProject
Global
	GlobalSection(SolutionConfigurationPlatforms) = preSolution
		Debug|Any CPU = Debug|Any CPU
		Release|Any CPU = Release|Any CPU
	EndGlobalSection
	GlobalSection(ProjectConfigurationPlatforms) = postSolution
		{0E5D3D53-1820-4BC8-9BA1-7B34B1FBA731}.Debug|Any CPU.ActiveCfg = Debug|Any CPU
		{0E5D3D53-1820-4BC8-9BA1-7B34B1FBA731}.Debug|Any CPU.Build.0 = Debug|Any CPU
		{0E5D3D53-1820-4BC8-9BA1-7B34B1FBA731}.Release|Any CPU.ActiveCfg = Release|Any CPU
		{0E5D3D53-1820-4BC8-9BA1-7B34B1FBA731}.Release|Any CPU.Build.0 = Release|Any CPU
	EndGlobalSection
	GlobalSection(SolutionProperties) = preSolution
		HideSolutionNode = FALSE
	EndGlobalSection
	GlobalSection(ExtensibilityGlobals) = postSolution
		SolutionGuid = {F70B9FD5-AE52-4057-A1CA-2505CC969CC0}
	EndGlobalSection
EndGlobal
